
Microsoft Visual Studio Solution File, Format Version 12.00
# Visual Studio Version 17
VisualStudioVersion = 17.6.33829.357
MinimumVisualStudioVersion = 10.0.40219.1
Project("{FAE04EC0-301F-11D3-BF4B-00C04F79EFBC}") = "Tcc", "Tcc\Tcc.csproj", "{63269289-8AAC-4F8C-8B31-621431B7261D}"
EndProject
Global
	GlobalSection(SolutionConfigurationPlatforms) = preSolution
		Debug|Any CPU = Debug|Any CPU
		Release|Any CPU = Release|Any CPU
	EndGlobalSection
	GlobalSection(ProjectConfigurationPlatforms) = postSolution
		{63269289-8AAC-4F8C-8B31-621431B7261D}.Debug|Any CPU.ActiveCfg = Debug|Any CPU
		{63269289-8AAC-4F8C-8B31-621431B7261D}.Debug|Any CPU.Build.0 = Debug|Any CPU
		{63269289-8AAC-4F8C-8B31-621431B7261D}.Release|Any CPU.ActiveCfg = Release|Any CPU
		{63269289-8AAC-4F8C-8B31-621431B7261D}.Release|Any CPU.Build.0 = Release|Any CPU
	EndGlobalSection
	GlobalSection(SolutionProperties) = preSolution
		HideSolutionNode = FALSE
	EndGlobalSection
	GlobalSection(ExtensibilityGlobals) = postSolution
		SolutionGuid = {176E9CCE-D69A-427E-90A3-41E8D7936A26}
	EndGlobalSection
EndGlobal
